// !$*UTF8*$!
{
	archiveVersion = 1;
	classes = {
	};
	objectVersion = 77;
	objects = {

/* Begin PBXContainerItemProxy section */
		F430CC6B2DBECEF00030565D /* PBXContainerItemProxy */ = {
			isa = PBXContainerItemProxy;
			containerPortal = F430CC522DBECEEF0030565D /* Project object */;
			proxyType = 1;
			remoteGlobalIDString = F430CC592DBECEEF0030565D;
			remoteInfo = HorizonFrame;
		};
		F430CC752DBECEF00030565D /* PBXContainerItemProxy */ = {
			isa = PBXContainerItemProxy;
			containerPortal = F430CC522DBECEEF0030565D /* Project object */;
			proxyType = 1;
			remoteGlobalIDString = F430CC592DBECEEF0030565D;
			remoteInfo = HorizonFrame;
		};
/* End PBXContainerItemProxy section */

/* Begin PBXFileReference section */
		F430CC5A2DBECEEF0030565D /* HorizonFrame.app */ = {isa = PBXFileReference; explicitFileType = wrapper.application; includeInIndex = 0; path = HorizonFrame.app; sourceTree = BUILT_PRODUCTS_DIR; };
		F430CC6A2DBECEF00030565D /* HorizonFrameTests.xctest */ = {isa = PBXFileReference; explicitFileType = wrapper.cfbundle; includeInIndex = 0; path = HorizonFrameTests.xctest; sourceTree = BUILT_PRODUCTS_DIR; };
		F430CC742DBECEF00030565D /* HorizonFrameUITests.xctest */ = {isa = PBXFileReference; explicitFileType = wrapper.cfbundle; includeInIndex = 0; path = HorizonFrameUITests.xctest; sourceTree = BUILT_PRODUCTS_DIR; };
/* End PBXFileReference section */

/* Begin PBXFileSystemSynchronizedRootGroup section */
		F430CC5C2DBECEEF0030565D /* HorizonFrame */ = {
			isa = PBXFileSystemSynchronizedRootGroup;
			path = HorizonFrame;
			sourceTree = "<group>";
		};
		F430CC6D2DBECEF00030565D /* HorizonFrameTests */ = {
			isa = PBXFileSystemSynchronizedRootGroup;
			path = HorizonFrameTests;
			sourceTree = "<group>";
		};
		F430CC772DBECEF00030565D /* HorizonFrameUITests */ = {
			isa = PBXFileSystemSynchronizedRootGroup;
			path = HorizonFrameUITests;
			sourceTree = "<group>";
		};
/* End PBXFileSystemSynchronizedRootGroup section */

/* Begin PBXFrameworksBuildPhase section */
		F430CC572DBECEEF0030565D /* Frameworks */ = {
			isa = PBXFrameworksBuildPhase;
			buildActionMask = 2147483647;
			files = (
			);
			runOnlyForDeploymentPostprocessing = 0;
		};
		F430CC672DBECEF00030565D /* Frameworks */ = {
			isa = PBXFrameworksBuildPhase;
			buildActionMask = 2147483647;
			files = (
			);
			runOnlyForDeploymentPostprocessing = 0;
		};
		F430CC712DBECEF00030565D /* Frameworks */ = {
			isa = PBXFrameworksBuildPhase;
			buildActionMask = 2147483647;
			files = (
			);
			runOnlyForDeploymentPostprocessing = 0;
		};
/* End PBXFrameworksBuildPhase section */

/* Begin PBXGroup section */
		F430CC512DBECEEF0030565D = {
			isa = PBXGroup;
			children = (
				F430CC5C2DBECEEF0030565D /* HorizonFrame */,
				F430CC6D2DBECEF00030565D /* HorizonFrameTests */,
				F430CC772DBECEF00030565D /* HorizonFrameUITests */,
				F430CC5B2DBECEEF0030565D /* Products */,
			);
			sourceTree = "<group>";
		};
		F430CC5B2DBECEEF0030565D /* Products */ = {
			isa = PBXGroup;
			children = (
				F430CC5A2DBECEEF0030565D /* HorizonFrame.app */,
				F430CC6A2DBECEF00030565D /* HorizonFrameTests.xctest */,
				F430CC742DBECEF00030565D /* HorizonFrameUITests.xctest */,
			);
			name = Products;
			sourceTree = "<group>";
		};
/* End PBXGroup section */

/* Begin PBXNativeTarget section */
		F430CC592DBECEEF0030565D /* HorizonFrame */ = {
			isa = PBXNativeTarget;
			buildConfigurationList = F430CC7E2DBECEF00030565D /* Build configuration list for PBXNativeTarget "HorizonFrame" */;
			buildPhases = (
				F430CC562DBECEEF0030565D /* Sources */,
				F430CC572DBECEEF0030565D /* Frameworks */,
				F430CC582DBECEEF0030565D /* Resources */,
			);
			buildRules = (
			);
			dependencies = (
			);
			fileSystemSynchronizedGroups = (
				F430CC5C2DBECEEF0030565D /* HorizonFrame */,
			);
			name = HorizonFrame;
			packageProductDependencies = (
			);
			productName = HorizonFrame;
			productReference = F430CC5A2DBECEEF0030565D /* HorizonFrame.app */;
			productType = "com.apple.product-type.application";
		};
		F430CC692DBECEF00030565D /* HorizonFrameTests */ = {
			isa = PBXNativeTarget;
			buildConfigurationList = F430CC812DBECEF00030565D /* Build configuration list for PBXNativeTarget "HorizonFrameTests" */;
			buildPhases = (
				F430CC662DBECEF00030565D /* Sources */,
				F430CC672DBECEF00030565D /* Frameworks */,
				F430CC682DBECEF00030565D /* Resources */,
			);
			buildRules = (
			);
			dependencies = (
				F430CC6C2DBECEF00030565D /* PBXTargetDependency */,
			);
			fileSystemSynchronizedGroups = (
				F430CC6D2DBECEF00030565D /* HorizonFrameTests */,
			);
			name = HorizonFrameTests;
			packageProductDependencies = (
			);
			productName = HorizonFrameTests;
			productReference = F430CC6A2DBECEF00030565D /* HorizonFrameTests.xctest */;
			productType = "com.apple.product-type.bundle.unit-test";
		};
		F430CC732DBECEF00030565D /* HorizonFrameUITests */ = {
			isa = PBXNativeTarget;
			buildConfigurationList = F430CC842DBECEF00030565D /* Build configuration list for PBXNativeTarget "HorizonFrameUITests" */;
			buildPhases = (
				F430CC702DBECEF00030565D /* Sources */,
				F430CC712DBECEF00030565D /* Frameworks */,
				F430CC722DBECEF00030565D /* Resources */,
			);
			buildRules = (
			);
			dependencies = (
				F430CC762DBECEF00030565D /* PBXTargetDependency */,
			);
			fileSystemSynchronizedGroups = (
				F430CC772DBECEF00030565D /* HorizonFrameUITests */,
			);
			name = HorizonFrameUITests;
			packageProductDependencies = (
			);
			productName = HorizonFrameUITests;
			productReference = F430CC742DBECEF00030565D /* HorizonFrameUITests.xctest */;
			productType = "com.apple.product-type.bundle.ui-testing";
		};
/* End PBXNativeTarget section */

/* Begin PBXProject section */
		F430CC522DBECEEF0030565D /* Project object */ = {
			isa = PBXProject;
			attributes = {
				BuildIndependentTargetsInParallel = 1;
				LastSwiftUpdateCheck = 1620;
				LastUpgradeCheck = 1620;
				TargetAttributes = {
					F430CC592DBECEEF0030565D = {
						CreatedOnToolsVersion = 16.2;
						LastSwiftMigration = 1620;
					};
					F430CC692DBECEF00030565D = {
						CreatedOnToolsVersion = 16.2;
						TestTargetID = F430CC592DBECEEF0030565D;
					};
					F430CC732DBECEF00030565D = {
						CreatedOnToolsVersion = 16.2;
						TestTargetID = F430CC592DBECEEF0030565D;
					};
				};
			};
			buildConfigurationList = F430CC552DBECEEF0030565D /* Build configuration list for PBXProject "HorizonFrame" */;
			developmentRegion = en;
			hasScannedForEncodings = 0;
			knownRegions = (
				en,
				Base,
			);
			mainGroup = F430CC512DBECEEF0030565D;
			minimizedProjectReferenceProxies = 1;
			preferredProjectObjectVersion = 77;
			productRefGroup = F430CC5B2DBECEEF0030565D /* Products */;
			projectDirPath = "";
			projectRoot = "";
			targets = (
				F430CC592DBECEEF0030565D /* HorizonFrame */,
				F430CC692DBECEF00030565D /* HorizonFrameTests */,
				F430CC732DBECEF00030565D /* HorizonFrameUITests */,
			);
		};
/* End PBXProject section */

/* Begin PBXResourcesBuildPhase section */
		F430CC582DBECEEF0030565D /* Resources */ = {
			isa = PBXResourcesBuildPhase;
			buildActionMask = 2147483647;
			files = (
			);
			runOnlyForDeploymentPostprocessing = 0;
		};
		F430CC682DBECEF00030565D /* Resources */ = {
			isa = PBXResourcesBuildPhase;
			buildActionMask = 2147483647;
			files = (
			);
			runOnlyForDeploymentPostprocessing = 0;
		};
		F430CC722DBECEF00030565D /* Resources */ = {
			isa = PBXResourcesBuildPhase;
			buildActionMask = 2147483647;
			files = (
			);
			runOnlyForDeploymentPostprocessing = 0;
		};
/* End PBXResourcesBuildPhase section */

/* Begin PBXSourcesBuildPhase section */
		F430CC562DBECEEF0030565D /* Sources */ = {
			isa = PBXSourcesBuildPhase;
			buildActionMask = 2147483647;
			files = (
			);
			runOnlyForDeploymentPostprocessing = 0;
		};
		F430CC662DBECEF00030565D /* Sources */ = {
			isa = PBXSourcesBuildPhase;
			buildActionMask = 2147483647;
			files = (
			);
			runOnlyForDeploymentPostprocessing = 0;
		};
		F430CC702DBECEF00030565D /* Sources */ = {
			isa = PBXSourcesBuildPhase;
			buildActionMask = 2147483647;
			files = (
			);
			runOnlyForDeploymentPostprocessing = 0;
		};
/* End PBXSourcesBuildPhase section */

/* Begin PBXTargetDependency section */
		F430CC6C2DBECEF00030565D /* PBXTargetDependency */ = {
			isa = PBXTargetDependency;
			target = F430CC592DBECEEF0030565D /* HorizonFrame */;
			targetProxy = F430CC6B2DBECEF00030565D /* PBXContainerItemProxy */;
		};
		F430CC762DBECEF00030565D /* PBXTargetDependency */ = {
			isa = PBXTargetDependency;
			target = F430CC592DBECEEF0030565D /* HorizonFrame */;
			targetProxy = F430CC752DBECEF00030565D /* PBXContainerItemProxy */;
		};
/* End PBXTargetDependency section */

/* Begin XCBuildConfiguration section */
		F430CC7C2DBECEF00030565D /* Debug */ = {
			isa = XCBuildConfiguration;
			buildSettings = {
				ALWAYS_SEARCH_USER_PATHS = NO;
				ASSETCATALOG_COMPILER_GENERATE_SWIFT_ASSET_SYMBOL_EXTENSIONS = YES;
				CLANG_ANALYZER_NONNULL = YES;
				CLANG_ANALYZER_NUMBER_OBJECT_CONVERSION = YES_AGGRESSIVE;
				CLANG_CXX_LANGUAGE_STANDARD = "gnu++20";
				CLANG_ENABLE_MODULES = YES;
				CLANG_ENABLE_OBJC_ARC = YES;
				CLANG_ENABLE_OBJC_WEAK = YES;
				CLANG_WARN_BLOCK_CAPTURE_AUTORELEASING = YES;
				CLANG_WARN_BOOL_CONVERSION = YES;
				CLANG_WARN_COMMA = YES;
				CLANG_WARN_CONSTANT_CONVERSION = YES;
				CLANG_WARN_DEPRECATED_OBJC_IMPLEMENTATIONS = YES;
				CLANG_WARN_DIRECT_OBJC_ISA_USAGE = YES_ERROR;
				CLANG_WARN_DOCUMENTATION_COMMENTS = YES;
				CLANG_WARN_EMPTY_BODY = YES;
				CLANG_WARN_ENUM_CONVERSION = YES;
				CLANG_WARN_INFINITE_RECURSION = YES;
				CLANG_WARN_INT_CONVERSION = YES;
				CLANG_WARN_NON_LITERAL_NULL_CONVERSION = YES;
				CLANG_WARN_OBJC_IMPLICIT_RETAIN_SELF = YES;
				CLANG_WARN_OBJC_LITERAL_CONVERSION = YES;
				CLANG_WARN_OBJC_ROOT_CLASS = YES_ERROR;
				CLANG_WARN_QUOTED_INCLUDE_IN_FRAMEWORK_HEADER = YES;
				CLANG_WARN_RANGE_LOOP_ANALYSIS = YES;
				CLANG_WARN_STRICT_PROTOTYPES = YES;
				CLANG_WARN_SUSPICIOUS_MOVE = YES;
				CLANG_WARN_UNGUARDED_AVAILABILITY = YES_AGGRESSIVE;
				CLANG_WARN_UNREACHABLE_CODE = YES;
				CLANG_WARN__DUPLICATE_METHOD_MATCH = YES;
				COPY_PHASE_STRIP = NO;
				DEBUG_INFORMATION_FORMAT = dwarf;
				ENABLE_STRICT_OBJC_MSGSEND = YES;
				ENABLE_TESTABILITY = YES;
				ENABLE_USER_SCRIPT_SANDBOXING = YES;
				GCC_C_LANGUAGE_STANDARD = gnu17;
				GCC_DYNAMIC_NO_PIC = NO;
				GCC_NO_COMMON_BLOCKS = YES;
				GCC_OPTIMIZATION_LEVEL = 0;
				GCC_PREPROCESSOR_DEFINITIONS = (
					"DEBUG=1",
					"$(inherited)",
				);
				GCC_WARN_64_TO_32_BIT_CONVERSION = YES;
				GCC_WARN_ABOUT_RETURN_TYPE = YES_ERROR;
				GCC_WARN_UNDECLARED_SELECTOR = YES;
				GCC_WARN_UNINITIALIZED_AUTOS = YES_AGGRESSIVE;
				GCC_WARN_UNUSED_FUNCTION = YES;
				GCC_WARN_UNUSED_VARIABLE = YES;
				IPHONEOS_DEPLOYMENT_TARGET = 18.2;
				LOCALIZATION_PREFERS_STRING_CATALOGS = YES;
				MTL_ENABLE_DEBUG_INFO = INCLUDE_SOURCE;
				MTL_FAST_MATH = YES;
				ONLY_ACTIVE_ARCH = YES;
				SDKROOT = iphoneos;
				SWIFT_ACTIVE_COMPILATION_CONDITIONS = "DEBUG $(inherited)";
				SWIFT_OPTIMIZATION_LEVEL = "-Onone";
			};
			name = Debug;
		};
		F430CC7D2DBECEF00030565D /* Release */ = {
			isa = XCBuildConfiguration;
			buildSettings = {
				ALWAYS_SEARCH_USER_PATHS = NO;
				ASSETCATALOG_COMPILER_GENERATE_SWIFT_ASSET_SYMBOL_EXTENSIONS = YES;
				CLANG_ANALYZER_NONNULL = YES;
				CLANG_ANALYZER_NUMBER_OBJECT_CONVERSION = YES_AGGRESSIVE;
				CLANG_CXX_LANGUAGE_STANDARD = "gnu++20";
				CLANG_ENABLE_MODULES = YES;
				CLANG_ENABLE_OBJC_ARC = YES;
				CLANG_ENABLE_OBJC_WEAK = YES;
				CLANG_WARN_BLOCK_CAPTURE_AUTORELEASING = YES;
				CLANG_WARN_BOOL_CONVERSION = YES;
				CLANG_WARN_COMMA = YES;
				CLANG_WARN_CONSTANT_CONVERSION = YES;
				CLANG_WARN_DEPRECATED_OBJC_IMPLEMENTATIONS = YES;
				CLANG_WARN_DIRECT_OBJC_ISA_USAGE = YES_ERROR;
				CLANG_WARN_DOCUMENTATION_COMMENTS = YES;
				CLANG_WARN_EMPTY_BODY = YES;
				CLANG_WARN_ENUM_CONVERSION = YES;
				CLANG_WARN_INFINITE_RECURSION = YES;
				CLANG_WARN_INT_CONVERSION = YES;
				CLANG_WARN_NON_LITERAL_NULL_CONVERSION = YES;
				CLANG_WARN_OBJC_IMPLICIT_RETAIN_SELF = YES;
				CLANG_WARN_OBJC_LITERAL_CONVERSION = YES;
				CLANG_WARN_OBJC_ROOT_CLASS = YES_ERROR;
				CLANG_WARN_QUOTED_INCLUDE_IN_FRAMEWORK_HEADER = YES;
				CLANG_WARN_RANGE_LOOP_ANALYSIS = YES;
				CLANG_WARN_STRICT_PROTOTYPES = YES;
				CLANG_WARN_SUSPICIOUS_MOVE = YES;
				CLANG_WARN_UNGUARDED_AVAILABILITY = YES_AGGRESSIVE;
				CLANG_WARN_UNREACHABLE_CODE = YES;
				CLANG_WARN__DUPLICATE_METHOD_MATCH = YES;
				COPY_PHASE_STRIP = NO;
				DEBUG_INFORMATION_FORMAT = "dwarf-with-dsym";
				ENABLE_NS_ASSERTIONS = NO;
				ENABLE_STRICT_OBJC_MSGSEND = YES;
				ENABLE_USER_SCRIPT_SANDBOXING = YES;
				GCC_C_LANGUAGE_STANDARD = gnu17;
				GCC_NO_COMMON_BLOCKS = YES;
				GCC_WARN_64_TO_32_BIT_CONVERSION = YES;
				GCC_WARN_ABOUT_RETURN_TYPE = YES_ERROR;
				GCC_WARN_UNDECLARED_SELECTOR = YES;
				GCC_WARN_UNINITIALIZED_AUTOS = YES_AGGRESSIVE;
				GCC_WARN_UNUSED_FUNCTION = YES;
				GCC_WARN_UNUSED_VARIABLE = YES;
				IPHONEOS_DEPLOYMENT_TARGET = 18.2;
				LOCALIZATION_PREFERS_STRING_CATALOGS = YES;
				MTL_ENABLE_DEBUG_INFO = NO;
				MTL_FAST_MATH = YES;
				SDKROOT = iphoneos;
				SWIFT_COMPILATION_MODE = wholemodule;
				VALIDATE_PRODUCT = YES;
			};
			name = Release;
		};
		F430CC7F2DBECEF00030565D /* Debug */ = {
			isa = XCBuildConfiguration;
			buildSettings = {
				ASSETCATALOG_COMPILER_APPICON_NAME = AppIcon;
				ASSETCATALOG_COMPILER_GLOBAL_ACCENT_COLOR_NAME = AccentColor;
				CLANG_ENABLE_MODULES = YES;
				CODE_SIGN_STYLE = Automatic;
				CURRENT_PROJECT_VERSION = 1;
				DEVELOPMENT_ASSET_PATHS = "\"HorizonFrame/Preview Content\"";
				DEVELOPMENT_TEAM = F34CVJH6L3;
				ENABLE_PREVIEWS = YES;
				GENERATE_INFOPLIST_FILE = YES;
				INFOPLIST_KEY_UIApplicationSceneManifest_Generation = YES;
				INFOPLIST_KEY_UIApplicationSupportsIndirectInputEvents = YES;
				INFOPLIST_KEY_UILaunchScreen_Generation = YES;
				INFOPLIST_KEY_UISupportedInterfaceOrientations_iPad = "UIInterfaceOrientationPortrait UIInterfaceOrientationPortraitUpsideDown UIInterfaceOrientationLandscapeLeft UIInterfaceOrientationLandscapeRight";
				INFOPLIST_KEY_UISupportedInterfaceOrientations_iPhone = "UIInterfaceOrientationPortrait UIInterfaceOrientationLandscapeLeft UIInterfaceOrientationLandscapeRight";
				LD_RUNPATH_SEARCH_PATHS = (
					"$(inherited)",
					"@executable_path/Frameworks",
				);
				MARKETING_VERSION = 1.0;
				PRODUCT_BUNDLE_IDENTIFIER = com.colesegura.HorizonFrame;
				PRODUCT_NAME = "$(TARGET_NAME)";
				SWIFT_EMIT_LOC_STRINGS = YES;
				SWIFT_OPTIMIZATION_LEVEL = "-Onone";
				SWIFT_VERSION = 5.0;
				TARGETED_DEVICE_FAMILY = "1,2";
			};
			name = Debug;
		};
		F430CC802DBECEF00030565D /* Release */ = {
			isa = XCBuildConfiguration;
			buildSettings = {
				ASSETCATALOG_COMPILER_APPICON_NAME = AppIcon;
				ASSETCATALOG_COMPILER_GLOBAL_ACCENT_COLOR_NAME = AccentColor;
				CLANG_ENABLE_MODULES = YES;
				CODE_SIGN_STYLE = Automatic;
				CURRENT_PROJECT_VERSION = 1;
				DEVELOPMENT_ASSET_PATHS = "\"HorizonFrame/Preview Content\"";
				DEVELOPMENT_TEAM = F34CVJH6L3;
				ENABLE_PREVIEWS = YES;
				GENERATE_INFOPLIST_FILE = YES;
				INFOPLIST_KEY_UIApplicationSceneManifest_Generation = YES;
				INFOPLIST_KEY_UIApplicationSupportsIndirectInputEvents = YES;
				INFOPLIST_KEY_UILaunchScreen_Generation = YES;
				INFOPLIST_KEY_UISupportedInterfaceOrientations_iPad = "UIInterfaceOrientationPortrait UIInterfaceOrientationPortraitUpsideDown UIInterfaceOrientationLandscapeLeft UIInterfaceOrientationLandscapeRight";
				INFOPLIST_KEY_UISupportedInterfaceOrientations_iPhone = "UIInterfaceOrientationPortrait UIInterfaceOrientationLandscapeLeft UIInterfaceOrientationLandscapeRight";
				LD_RUNPATH_SEARCH_PATHS = (
					"$(inherited)",
					"@executable_path/Frameworks",
				);
				MARKETING_VERSION = 1.0;
				PRODUCT_BUNDLE_IDENTIFIER = com.colesegura.HorizonFrame;
				PRODUCT_NAME = "$(TARGET_NAME)";
				SWIFT_EMIT_LOC_STRINGS = YES;
				SWIFT_VERSION = 5.0;
				TARGETED_DEVICE_FAMILY = "1,2";
			};
			name = Release;
		};
		F430CC822DBECEF00030565D /* Debug */ = {
			isa = XCBuildConfiguration;
			buildSettings = {
				BUNDLE_LOADER = "$(TEST_HOST)";
				CODE_SIGN_STYLE = Automatic;
				CURRENT_PROJECT_VERSION = 1;
				DEVELOPMENT_TEAM = F34CVJH6L3;
				GENERATE_INFOPLIST_FILE = YES;
				IPHONEOS_DEPLOYMENT_TARGET = 18.2;
				MARKETING_VERSION = 1.0;
				PRODUCT_BUNDLE_IDENTIFIER = com.colesegura.HorizonFrameTests;
				PRODUCT_NAME = "$(TARGET_NAME)";
				SWIFT_EMIT_LOC_STRINGS = NO;
				SWIFT_VERSION = 5.0;
				TARGETED_DEVICE_FAMILY = "1,2";
				TEST_HOST = "$(BUILT_PRODUCTS_DIR)/HorizonFrame.app/$(BUNDLE_EXECUTABLE_FOLDER_PATH)/HorizonFrame";
			};
			name = Debug;
		};
		F430CC832DBECEF00030565D /* Release */ = {
			isa = XCBuildConfiguration;
			buildSettings = {
				BUNDLE_LOADER = "$(TEST_HOST)";
				CODE_SIGN_STYLE = Automatic;
				CURRENT_PROJECT_VERSION = 1;
				DEVELOPMENT_TEAM = F34CVJH6L3;
				GENERATE_INFOPLIST_FILE = YES;
				IPHONEOS_DEPLOYMENT_TARGET = 18.2;
				MARKETING_VERSION = 1.0;
				PRODUCT_BUNDLE_IDENTIFIER = com.colesegura.HorizonFrameTests;
				PRODUCT_NAME = "$(TARGET_NAME)";
				SWIFT_EMIT_LOC_STRINGS = NO;
				SWIFT_VERSION = 5.0;
				TARGETED_DEVICE_FAMILY = "1,2";
				TEST_HOST = "$(BUILT_PRODUCTS_DIR)/HorizonFrame.app/$(BUNDLE_EXECUTABLE_FOLDER_PATH)/HorizonFrame";
			};
			name = Release;
		};
		F430CC852DBECEF00030565D /* Debug */ = {
			isa = XCBuildConfiguration;
			buildSettings = {
				CODE_SIGN_STYLE = Automatic;
				CURRENT_PROJECT_VERSION = 1;
				DEVELOPMENT_TEAM = F34CVJH6L3;
				GENERATE_INFOPLIST_FILE = YES;
				MARKETING_VERSION = 1.0;
				PRODUCT_BUNDLE_IDENTIFIER = com.colesegura.HorizonFrameUITests;
				PRODUCT_NAME = "$(TARGET_NAME)";
				SWIFT_EMIT_LOC_STRINGS = NO;
				SWIFT_VERSION = 5.0;
				TARGETED_DEVICE_FAMILY = "1,2";
				TEST_TARGET_NAME = HorizonFrame;
			};
			name = Debug;
		};
		F430CC862DBECEF00030565D /* Release */ = {
			isa = XCBuildConfiguration;
			buildSettings = {
				CODE_SIGN_STYLE = Automatic;
				CURRENT_PROJECT_VERSION = 1;
				DEVELOPMENT_TEAM = F34CVJH6L3;
				GENERATE_INFOPLIST_FILE = YES;
				MARKETING_VERSION = 1.0;
				PRODUCT_BUNDLE_IDENTIFIER = com.colesegura.HorizonFrameUITests;
				PRODUCT_NAME = "$(TARGET_NAME)";
				SWIFT_EMIT_LOC_STRINGS = NO;
				SWIFT_VERSION = 5.0;
				TARGETED_DEVICE_FAMILY = "1,2";
				TEST_TARGET_NAME = HorizonFrame;
			};
			name = Release;
		};
/* End XCBuildConfiguration section */

/* Begin XCConfigurationList section */
		F430CC552DBECEEF0030565D /* Build configuration list for PBXProject "HorizonFrame" */ = {
			isa = XCConfigurationList;
			buildConfigurations = (
				F430CC7C2DBECEF00030565D /* Debug */,
				F430CC7D2DBECEF00030565D /* Release */,
			);
			defaultConfigurationIsVisible = 0;
			defaultConfigurationName = Release;
		};
		F430CC7E2DBECEF00030565D /* Build configuration list for PBXNativeTarget "HorizonFrame" */ = {
			isa = XCConfigurationList;
			buildConfigurations = (
				F430CC7F2DBECEF00030565D /* Debug */,
				F430CC802DBECEF00030565D /* Release */,
			);
			defaultConfigurationIsVisible = 0;
			defaultConfigurationName = Release;
		};
		F430CC812DBECEF00030565D /* Build configuration list for PBXNativeTarget "HorizonFrameTests" */ = {
			isa = XCConfigurationList;
			buildConfigurations = (
				F430CC822DBECEF00030565D /* Debug */,
				F430CC832DBECEF00030565D /* Release */,
			);
			defaultConfigurationIsVisible = 0;
			defaultConfigurationName = Release;
		};
		F430CC842DBECEF00030565D /* Build configuration list for PBXNativeTarget "HorizonFrameUITests" */ = {
			isa = XCConfigurationList;
			buildConfigurations = (
				F430CC852DBECEF00030565D /* Debug */,
				F430CC862DBECEF00030565D /* Release */,
			);
			defaultConfigurationIsVisible = 0;
			defaultConfigurationName = Release;
		};
/* End XCConfigurationList section */
	};
	rootObject = F430CC522DBECEEF0030565D /* Project object */;
}
