// !$*UTF8*$!
{
	archiveVersion = 1;
	classes = {
	};
	objectVersion = 77;
	objects = {

/* Begin PBXContainerItemProxy section */
		F430CCFA2DDF800E0030565D /* PBXContainerItemProxy */ = {
			isa = PBXContainerItemProxy;
			containerPortal = F430CCE12DDF800C0030565D /* Project object */;
			proxyType = 1;
			remoteGlobalIDString = F430CCE82DDF800C0030565D;
			remoteInfo = "Horizon-Frame";
		};
		F430CD042DDF800E0030565D /* PBXContainerItemProxy */ = {
			isa = PBXContainerItemProxy;
			containerPortal = F430CCE12DDF800C0030565D /* Project object */;
			proxyType = 1;
			remoteGlobalIDString = F430CCE82DDF800C0030565D;
			remoteInfo = "Horizon-Frame";
		};
/* End PBXContainerItemProxy section */

/* Begin PBXFileReference section */
		F430CCE92DDF800C0030565D /* Horizon-Frame.app */ = {isa = PBXFileReference; explicitFileType = wrapper.application; includeInIndex = 0; path = "Horizon-Frame.app"; sourceTree = BUILT_PRODUCTS_DIR; };
		F430CCF92DDF800E0030565D /* Horizon-FrameTests.xctest */ = {isa = PBXFileReference; explicitFileType = wrapper.cfbundle; includeInIndex = 0; path = "Horizon-FrameTests.xctest"; sourceTree = BUILT_PRODUCTS_DIR; };
		F430CD032DDF800E0030565D /* Horizon-FrameUITests.xctest */ = {isa = PBXFileReference; explicitFileType = wrapper.cfbundle; includeInIndex = 0; path = "Horizon-FrameUITests.xctest"; sourceTree = BUILT_PRODUCTS_DIR; };
/* End PBXFileReference section */

/* Begin PBXFileSystemSynchronizedBuildFileExceptionSet section */
		F430CD402DDF80710030565D /* Exceptions for "Horizon-Frame" folder in "Horizon-Frame" target */ = {
			isa = PBXFileSystemSynchronizedBuildFileExceptionSet;
			membershipExceptions = (
				Assets.xcassets,
				FrameCornerView.swift,
				HorizonFrameApp.swift,
				KineticFramesLaunchView.swift,
				KineticFrameView.swift,
				LaunchScreen.storyboard,
				"Preview Content/Preview Assets.xcassets",
				Services/NotificationService.swift,
				ViewModels/AppData.swift,
				ViewModels/TabRouter.swift,
				Views/Align/AlignView.swift,
				Views/Align/PersonalCodeEditView.swift,
				Views/Collect/CollectView.swift,
				Views/Components/OnboardingOverlay.swift,
				Views/Components/ProgressButton.swift,
				Views/Components/TopTabBar.swift,
				Views/ContentView.swift,
				Views/Progress/ProgressView_HF.swift,
				Views/Settings/SettingsView.swift,
			);
			target = F430CCE82DDF800C0030565D /* Horizon-Frame */;
		};
		F430CD412DDF80710030565D /* Exceptions for "Horizon-Frame" folder in "Horizon-FrameTests" target */ = {
			isa = PBXFileSystemSynchronizedBuildFileExceptionSet;
			membershipExceptions = (
				Assets.xcassets,
				Info.plist,
				"Preview Content/Preview Assets.xcassets",
				Services/NotificationService.swift,
			);
			target = F430CCF82DDF800E0030565D /* Horizon-FrameTests */;
		};
/* End PBXFileSystemSynchronizedBuildFileExceptionSet section */

/* Begin PBXFileSystemSynchronizedRootGroup section */
		F430CCFC2DDF800E0030565D /* Horizon-FrameTests */ = {
			isa = PBXFileSystemSynchronizedRootGroup;
			path = "Horizon-FrameTests";
			sourceTree = "<group>";
		};
		F430CD062DDF800E0030565D /* Horizon-FrameUITests */ = {
			isa = PBXFileSystemSynchronizedRootGroup;
			path = "Horizon-FrameUITests";
			sourceTree = "<group>";
		};
		F430CD3B2DDF80710030565D /* Horizon-Frame */ = {
			isa = PBXFileSystemSynchronizedRootGroup;
			exceptions = (
				F430CD402DDF80710030565D /* Exceptions for "Horizon-Frame" folder in "Horizon-Frame" target */,
				F430CD412DDF80710030565D /* Exceptions for "Horizon-Frame" folder in "Horizon-FrameTests" target */,
			);
			path = "Horizon-Frame";
			sourceTree = "<group>";
		};
/* End PBXFileSystemSynchronizedRootGroup section */

/* Begin PBXFrameworksBuildPhase section */
		F430CCE62DDF800C0030565D /* Frameworks */ = {
			isa = PBXFrameworksBuildPhase;
			buildActionMask = 2147483647;
			files = (
			);
			runOnlyForDeploymentPostprocessing = 0;
		};
		F430CCF62DDF800E0030565D /* Frameworks */ = {
			isa = PBXFrameworksBuildPhase;
			buildActionMask = 2147483647;
			files = (
			);
			runOnlyForDeploymentPostprocessing = 0;
		};
		F430CD002DDF800E0030565D /* Frameworks */ = {
			isa = PBXFrameworksBuildPhase;
			buildActionMask = 2147483647;
			files = (
			);
			runOnlyForDeploymentPostprocessing = 0;
		};
/* End PBXFrameworksBuildPhase section */

/* Begin PBXGroup section */
		F430CCE02DDF800C0030565D = {
			isa = PBXGroup;
			children = (
				F430CD3B2DDF80710030565D /* Horizon-Frame */,
				F430CCFC2DDF800E0030565D /* Horizon-FrameTests */,
				F430CD062DDF800E0030565D /* Horizon-FrameUITests */,
				F430CCEA2DDF800C0030565D /* Products */,
			);
			sourceTree = "<group>";
		};
		F430CCEA2DDF800C0030565D /* Products */ = {
			isa = PBXGroup;
			children = (
				F430CCE92DDF800C0030565D /* Horizon-Frame.app */,
				F430CCF92DDF800E0030565D /* Horizon-FrameTests.xctest */,
				F430CD032DDF800E0030565D /* Horizon-FrameUITests.xctest */,
			);
			name = Products;
			sourceTree = "<group>";
		};
/* End PBXGroup section */

/* Begin PBXNativeTarget section */
		F430CCE82DDF800C0030565D /* Horizon-Frame */ = {
			isa = PBXNativeTarget;
			buildConfigurationList = F430CD0D2DDF800E0030565D /* Build configuration list for PBXNativeTarget "Horizon-Frame" */;
			buildPhases = (
				F430CCE52DDF800C0030565D /* Sources */,
				F430CCE62DDF800C0030565D /* Frameworks */,
				F430CCE72DDF800C0030565D /* Resources */,
			);
			buildRules = (
			);
			dependencies = (
			);
			name = "Horizon-Frame";
			packageProductDependencies = (
			);
			productName = "Horizon-Frame";
			productReference = F430CCE92DDF800C0030565D /* Horizon-Frame.app */;
			productType = "com.apple.product-type.application";
		};
		F430CCF82DDF800E0030565D /* Horizon-FrameTests */ = {
			isa = PBXNativeTarget;
			buildConfigurationList = F430CD102DDF800E0030565D /* Build configuration list for PBXNativeTarget "Horizon-FrameTests" */;
			buildPhases = (
				F430CCF52DDF800E0030565D /* Sources */,
				F430CCF62DDF800E0030565D /* Frameworks */,
				F430CCF72DDF800E0030565D /* Resources */,
			);
			buildRules = (
			);
			dependencies = (
				F430CCFB2DDF800E0030565D /* PBXTargetDependency */,
			);
			fileSystemSynchronizedGroups = (
				F430CCFC2DDF800E0030565D /* Horizon-FrameTests */,
				F430CD3B2DDF80710030565D /* Horizon-Frame */,
			);
			name = "Horizon-FrameTests";
			packageProductDependencies = (
			);
			productName = "Horizon-FrameTests";
			productReference = F430CCF92DDF800E0030565D /* Horizon-FrameTests.xctest */;
			productType = "com.apple.product-type.bundle.unit-test";
		};
		F430CD022DDF800E0030565D /* Horizon-FrameUITests */ = {
			isa = PBXNativeTarget;
			buildConfigurationList = F430CD132DDF800E0030565D /* Build configuration list for PBXNativeTarget "Horizon-FrameUITests" */;
			buildPhases = (
				F430CCFF2DDF800E0030565D /* Sources */,
				F430CD002DDF800E0030565D /* Frameworks */,
				F430CD012DDF800E0030565D /* Resources */,
			);
			buildRules = (
			);
			dependencies = (
				F430CD052DDF800E0030565D /* PBXTargetDependency */,
			);
			fileSystemSynchronizedGroups = (
				F430CD062DDF800E0030565D /* Horizon-FrameUITests */,
			);
			name = "Horizon-FrameUITests";
			packageProductDependencies = (
			);
			productName = "Horizon-FrameUITests";
			productReference = F430CD032DDF800E0030565D /* Horizon-FrameUITests.xctest */;
			productType = "com.apple.product-type.bundle.ui-testing";
		};
/* End PBXNativeTarget section */

/* Begin PBXProject section */
		F430CCE12DDF800C0030565D /* Project object */ = {
			isa = PBXProject;
			attributes = {
				BuildIndependentTargetsInParallel = 1;
				LastSwiftUpdateCheck = 1620;
				LastUpgradeCheck = 1620;
				TargetAttributes = {
					F430CCE82DDF800C0030565D = {
						CreatedOnToolsVersion = 16.2;
					};
					F430CCF82DDF800E0030565D = {
						CreatedOnToolsVersion = 16.2;
						TestTargetID = F430CCE82DDF800C0030565D;
					};
					F430CD022DDF800E0030565D = {
						CreatedOnToolsVersion = 16.2;
						TestTargetID = F430CCE82DDF800C0030565D;
					};
				};
			};
			buildConfigurationList = F430CCE42DDF800C0030565D /* Build configuration list for PBXProject "Horizon-Frame" */;
			developmentRegion = en;
			hasScannedForEncodings = 0;
			knownRegions = (
				en,
				Base,
			);
			mainGroup = F430CCE02DDF800C0030565D;
			minimizedProjectReferenceProxies = 1;
			preferredProjectObjectVersion = 77;
			productRefGroup = F430CCEA2DDF800C0030565D /* Products */;
			projectDirPath = "";
			projectRoot = "";
			targets = (
				F430CCE82DDF800C0030565D /* Horizon-Frame */,
				F430CCF82DDF800E0030565D /* Horizon-FrameTests */,
				F430CD022DDF800E0030565D /* Horizon-FrameUITests */,
			);
		};
/* End PBXProject section */

/* Begin PBXResourcesBuildPhase section */
		F430CCE72DDF800C0030565D /* Resources */ = {
			isa = PBXResourcesBuildPhase;
			buildActionMask = 2147483647;
			files = (
			);
			runOnlyForDeploymentPostprocessing = 0;
		};
		F430CCF72DDF800E0030565D /* Resources */ = {
			isa = PBXResourcesBuildPhase;
			buildActionMask = 2147483647;
			files = (
			);
			runOnlyForDeploymentPostprocessing = 0;
		};
		F430CD012DDF800E0030565D /* Resources */ = {
			isa = PBXResourcesBuildPhase;
			buildActionMask = 2147483647;
			files = (
			);
			runOnlyForDeploymentPostprocessing = 0;
		};
/* End PBXResourcesBuildPhase section */

/* Begin PBXSourcesBuildPhase section */
		F430CCE52DDF800C0030565D /* Sources */ = {
			isa = PBXSourcesBuildPhase;
			buildActionMask = 2147483647;
			files = (
			);
			runOnlyForDeploymentPostprocessing = 0;
		};
		F430CCF52DDF800E0030565D /* Sources */ = {
			isa = PBXSourcesBuildPhase;
			buildActionMask = 2147483647;
			files = (
			);
			runOnlyForDeploymentPostprocessing = 0;
		};
		F430CCFF2DDF800E0030565D /* Sources */ = {
			isa = PBXSourcesBuildPhase;
			buildActionMask = 2147483647;
			files = (
			);
			runOnlyForDeploymentPostprocessing = 0;
		};
/* End PBXSourcesBuildPhase section */

/* Begin PBXTargetDependency section */
		F430CCFB2DDF800E0030565D /* PBXTargetDependency */ = {
			isa = PBXTargetDependency;
			target = F430CCE82DDF800C0030565D /* Horizon-Frame */;
			targetProxy = F430CCFA2DDF800E0030565D /* PBXContainerItemProxy */;
		};
		F430CD052DDF800E0030565D /* PBXTargetDependency */ = {
			isa = PBXTargetDependency;
			target = F430CCE82DDF800C0030565D /* Horizon-Frame */;
			targetProxy = F430CD042DDF800E0030565D /* PBXContainerItemProxy */;
		};
/* End PBXTargetDependency section */

/* Begin XCBuildConfiguration section */
		F430CD0B2DDF800E0030565D /* Debug */ = {
			isa = XCBuildConfiguration;
			buildSettings = {
				ALWAYS_SEARCH_USER_PATHS = NO;
				ASSETCATALOG_COMPILER_GENERATE_SWIFT_ASSET_SYMBOL_EXTENSIONS = YES;
				CLANG_ANALYZER_NONNULL = YES;
				CLANG_ANALYZER_NUMBER_OBJECT_CONVERSION = YES_AGGRESSIVE;
				CLANG_CXX_LANGUAGE_STANDARD = "gnu++20";
				CLANG_ENABLE_MODULES = YES;
				CLANG_ENABLE_OBJC_ARC = YES;
				CLANG_ENABLE_OBJC_WEAK = YES;
				CLANG_WARN_BLOCK_CAPTURE_AUTORELEASING = YES;
				CLANG_WARN_BOOL_CONVERSION = YES;
				CLANG_WARN_COMMA = YES;
				CLANG_WARN_CONSTANT_CONVERSION = YES;
				CLANG_WARN_DEPRECATED_OBJC_IMPLEMENTATIONS = YES;
				CLANG_WARN_DIRECT_OBJC_ISA_USAGE = YES_ERROR;
				CLANG_WARN_DOCUMENTATION_COMMENTS = YES;
				CLANG_WARN_EMPTY_BODY = YES;
				CLANG_WARN_ENUM_CONVERSION = YES;
				CLANG_WARN_INFINITE_RECURSION = YES;
				CLANG_WARN_INT_CONVERSION = YES;
				CLANG_WARN_NON_LITERAL_NULL_CONVERSION = YES;
				CLANG_WARN_OBJC_IMPLICIT_RETAIN_SELF = YES;
				CLANG_WARN_OBJC_LITERAL_CONVERSION = YES;
				CLANG_WARN_OBJC_ROOT_CLASS = YES_ERROR;
				CLANG_WARN_QUOTED_INCLUDE_IN_FRAMEWORK_HEADER = YES;
				CLANG_WARN_RANGE_LOOP_ANALYSIS = YES;
				CLANG_WARN_STRICT_PROTOTYPES = YES;
				CLANG_WARN_SUSPICIOUS_MOVE = YES;
				CLANG_WARN_UNGUARDED_AVAILABILITY = YES_AGGRESSIVE;
				CLANG_WARN_UNREACHABLE_CODE = YES;
				CLANG_WARN__DUPLICATE_METHOD_MATCH = YES;
				COPY_PHASE_STRIP = NO;
				DEBUG_INFORMATION_FORMAT = dwarf;
				ENABLE_STRICT_OBJC_MSGSEND = YES;
				ENABLE_TESTABILITY = YES;
				ENABLE_USER_SCRIPT_SANDBOXING = YES;
				GCC_C_LANGUAGE_STANDARD = gnu17;
				GCC_DYNAMIC_NO_PIC = NO;
				GCC_NO_COMMON_BLOCKS = YES;
				GCC_OPTIMIZATION_LEVEL = 0;
				GCC_PREPROCESSOR_DEFINITIONS = (
					"DEBUG=1",
					"$(inherited)",
				);
				GCC_WARN_64_TO_32_BIT_CONVERSION = YES;
				GCC_WARN_ABOUT_RETURN_TYPE = YES_ERROR;
				GCC_WARN_UNDECLARED_SELECTOR = YES;
				GCC_WARN_UNINITIALIZED_AUTOS = YES_AGGRESSIVE;
				GCC_WARN_UNUSED_FUNCTION = YES;
				GCC_WARN_UNUSED_VARIABLE = YES;
				IPHONEOS_DEPLOYMENT_TARGET = 18.2;
				LOCALIZATION_PREFERS_STRING_CATALOGS = YES;
				MTL_ENABLE_DEBUG_INFO = INCLUDE_SOURCE;
				MTL_FAST_MATH = YES;
				ONLY_ACTIVE_ARCH = YES;
				SDKROOT = iphoneos;
				SWIFT_ACTIVE_COMPILATION_CONDITIONS = "DEBUG $(inherited)";
				SWIFT_OPTIMIZATION_LEVEL = "-Onone";
			};
			name = Debug;
		};
		F430CD0C2DDF800E0030565D /* Release */ = {
			isa = XCBuildConfiguration;
			buildSettings = {
				ALWAYS_SEARCH_USER_PATHS = NO;
				ASSETCATALOG_COMPILER_GENERATE_SWIFT_ASSET_SYMBOL_EXTENSIONS = YES;
				CLANG_ANALYZER_NONNULL = YES;
				CLANG_ANALYZER_NUMBER_OBJECT_CONVERSION = YES_AGGRESSIVE;
				CLANG_CXX_LANGUAGE_STANDARD = "gnu++20";
				CLANG_ENABLE_MODULES = YES;
				CLANG_ENABLE_OBJC_ARC = YES;
				CLANG_ENABLE_OBJC_WEAK = YES;
				CLANG_WARN_BLOCK_CAPTURE_AUTORELEASING = YES;
				CLANG_WARN_BOOL_CONVERSION = YES;
				CLANG_WARN_COMMA = YES;
				CLANG_WARN_CONSTANT_CONVERSION = YES;
				CLANG_WARN_DEPRECATED_OBJC_IMPLEMENTATIONS = YES;
				CLANG_WARN_DIRECT_OBJC_ISA_USAGE = YES_ERROR;
				CLANG_WARN_DOCUMENTATION_COMMENTS = YES;
				CLANG_WARN_EMPTY_BODY = YES;
				CLANG_WARN_ENUM_CONVERSION = YES;
				CLANG_WARN_INFINITE_RECURSION = YES;
				CLANG_WARN_INT_CONVERSION = YES;
				CLANG_WARN_NON_LITERAL_NULL_CONVERSION = YES;
				CLANG_WARN_OBJC_IMPLICIT_RETAIN_SELF = YES;
				CLANG_WARN_OBJC_LITERAL_CONVERSION = YES;
				CLANG_WARN_OBJC_ROOT_CLASS = YES_ERROR;
				CLANG_WARN_QUOTED_INCLUDE_IN_FRAMEWORK_HEADER = YES;
				CLANG_WARN_RANGE_LOOP_ANALYSIS = YES;
				CLANG_WARN_STRICT_PROTOTYPES = YES;
				CLANG_WARN_SUSPICIOUS_MOVE = YES;
				CLANG_WARN_UNGUARDED_AVAILABILITY = YES_AGGRESSIVE;
				CLANG_WARN_UNREACHABLE_CODE = YES;
				CLANG_WARN__DUPLICATE_METHOD_MATCH = YES;
				COPY_PHASE_STRIP = NO;
				DEBUG_INFORMATION_FORMAT = "dwarf-with-dsym";
				ENABLE_NS_ASSERTIONS = NO;
				ENABLE_STRICT_OBJC_MSGSEND = YES;
				ENABLE_USER_SCRIPT_SANDBOXING = YES;
				GCC_C_LANGUAGE_STANDARD = gnu17;
				GCC_NO_COMMON_BLOCKS = YES;
				GCC_WARN_64_TO_32_BIT_CONVERSION = YES;
				GCC_WARN_ABOUT_RETURN_TYPE = YES_ERROR;
				GCC_WARN_UNDECLARED_SELECTOR = YES;
				GCC_WARN_UNINITIALIZED_AUTOS = YES_AGGRESSIVE;
				GCC_WARN_UNUSED_FUNCTION = YES;
				GCC_WARN_UNUSED_VARIABLE = YES;
				IPHONEOS_DEPLOYMENT_TARGET = 18.2;
				LOCALIZATION_PREFERS_STRING_CATALOGS = YES;
				MTL_ENABLE_DEBUG_INFO = NO;
				MTL_FAST_MATH = YES;
				SDKROOT = iphoneos;
				SWIFT_COMPILATION_MODE = wholemodule;
				VALIDATE_PRODUCT = YES;
			};
			name = Release;
		};
		F430CD0E2DDF800E0030565D /* Debug */ = {
			isa = XCBuildConfiguration;
			buildSettings = {
				ASSETCATALOG_COMPILER_APPICON_NAME = AppIcon;
				ASSETCATALOG_COMPILER_GLOBAL_ACCENT_COLOR_NAME = AccentColor;
				CODE_SIGN_STYLE = Automatic;
				CURRENT_PROJECT_VERSION = 1;
				DEVELOPMENT_ASSET_PATHS = "\"Horizon-Frame/Preview Content\"";
				DEVELOPMENT_TEAM = F34CVJH6L3;
				ENABLE_PREVIEWS = YES;
				GENERATE_INFOPLIST_FILE = YES;
				INFOPLIST_FILE = "Horizon-Frame/Info.plist";
				INFOPLIST_KEY_UIApplicationSceneManifest_Generation = YES;
				INFOPLIST_KEY_UIApplicationSupportsIndirectInputEvents = YES;
				INFOPLIST_KEY_UILaunchScreen_Generation = YES;
				INFOPLIST_KEY_UILaunchStoryboardName = "";
				INFOPLIST_KEY_UIStatusBarHidden = YES;
				INFOPLIST_KEY_UIStatusBarStyle = "";
				INFOPLIST_KEY_UISupportedInterfaceOrientations_iPad = "UIInterfaceOrientationPortrait UIInterfaceOrientationPortraitUpsideDown UIInterfaceOrientationLandscapeLeft UIInterfaceOrientationLandscapeRight";
				INFOPLIST_KEY_UISupportedInterfaceOrientations_iPhone = "UIInterfaceOrientationPortrait UIInterfaceOrientationLandscapeLeft UIInterfaceOrientationLandscapeRight";
				IPHONEOS_DEPLOYMENT_TARGET = 18.0;
				LD_RUNPATH_SEARCH_PATHS = (
					"$(inherited)",
					"@executable_path/Frameworks",
				);
				MARKETING_VERSION = 1.0;
				PRODUCT_BUNDLE_IDENTIFIER = "com.colesegura.Horizon-Frame";
				PRODUCT_NAME = "$(TARGET_NAME)";
				SWIFT_EMIT_LOC_STRINGS = YES;
				SWIFT_VERSION = 5.0;
				TARGETED_DEVICE_FAMILY = "1,2";
			};
			name = Debug;
		};
		F430CD0F2DDF800E0030565D /* Release */ = {
			isa = XCBuildConfiguration;
			buildSettings = {
				ASSETCATALOG_COMPILER_APPICON_NAME = AppIcon;
				ASSETCATALOG_COMPILER_GLOBAL_ACCENT_COLOR_NAME = AccentColor;
				CODE_SIGN_STYLE = Automatic;
				CURRENT_PROJECT_VERSION = 1;
				DEVELOPMENT_ASSET_PATHS = "\"Horizon-Frame/Preview Content\"";
				DEVELOPMENT_TEAM = F34CVJH6L3;
				ENABLE_PREVIEWS = YES;
				GENERATE_INFOPLIST_FILE = YES;
				INFOPLIST_FILE = "Horizon-Frame/Info.plist";
				INFOPLIST_KEY_UIApplicationSceneManifest_Generation = YES;
				INFOPLIST_KEY_UIApplicationSupportsIndirectInputEvents = YES;
				INFOPLIST_KEY_UILaunchScreen_Generation = YES;
				INFOPLIST_KEY_UILaunchStoryboardName = "";
				INFOPLIST_KEY_UIStatusBarHidden = YES;
				INFOPLIST_KEY_UIStatusBarStyle = "";
				INFOPLIST_KEY_UISupportedInterfaceOrientations_iPad = "UIInterfaceOrientationPortrait UIInterfaceOrientationPortraitUpsideDown UIInterfaceOrientationLandscapeLeft UIInterfaceOrientationLandscapeRight";
				INFOPLIST_KEY_UISupportedInterfaceOrientations_iPhone = "UIInterfaceOrientationPortrait UIInterfaceOrientationLandscapeLeft UIInterfaceOrientationLandscapeRight";
				IPHONEOS_DEPLOYMENT_TARGET = 18.0;
				LD_RUNPATH_SEARCH_PATHS = (
					"$(inherited)",
					"@executable_path/Frameworks",
				);
				MARKETING_VERSION = 1.0;
				PRODUCT_BUNDLE_IDENTIFIER = "com.colesegura.Horizon-Frame";
				PRODUCT_NAME = "$(TARGET_NAME)";
				SWIFT_EMIT_LOC_STRINGS = YES;
				SWIFT_VERSION = 5.0;
				TARGETED_DEVICE_FAMILY = "1,2";
			};
			name = Release;
		};
		F430CD112DDF800E0030565D /* Debug */ = {
			isa = XCBuildConfiguration;
			buildSettings = {
				BUNDLE_LOADER = "$(TEST_HOST)";
				CODE_SIGN_STYLE = Automatic;
				CURRENT_PROJECT_VERSION = 1;
				DEVELOPMENT_TEAM = F34CVJH6L3;
				GENERATE_INFOPLIST_FILE = YES;
				IPHONEOS_DEPLOYMENT_TARGET = 18.2;
				MARKETING_VERSION = 1.0;
				PRODUCT_BUNDLE_IDENTIFIER = "com.colesegura.Horizon-FrameTests";
				PRODUCT_NAME = "$(TARGET_NAME)";
				SWIFT_EMIT_LOC_STRINGS = NO;
				SWIFT_VERSION = 5.0;
				TARGETED_DEVICE_FAMILY = "1,2";
				TEST_HOST = "$(BUILT_PRODUCTS_DIR)/Horizon-Frame.app/$(BUNDLE_EXECUTABLE_FOLDER_PATH)/Horizon-Frame";
			};
			name = Debug;
		};
		F430CD122DDF800E0030565D /* Release */ = {
			isa = XCBuildConfiguration;
			buildSettings = {
				BUNDLE_LOADER = "$(TEST_HOST)";
				CODE_SIGN_STYLE = Automatic;
				CURRENT_PROJECT_VERSION = 1;
				DEVELOPMENT_TEAM = F34CVJH6L3;
				GENERATE_INFOPLIST_FILE = YES;
				IPHONEOS_DEPLOYMENT_TARGET = 18.2;
				MARKETING_VERSION = 1.0;
				PRODUCT_BUNDLE_IDENTIFIER = "com.colesegura.Horizon-FrameTests";
				PRODUCT_NAME = "$(TARGET_NAME)";
				SWIFT_EMIT_LOC_STRINGS = NO;
				SWIFT_VERSION = 5.0;
				TARGETED_DEVICE_FAMILY = "1,2";
				TEST_HOST = "$(BUILT_PRODUCTS_DIR)/Horizon-Frame.app/$(BUNDLE_EXECUTABLE_FOLDER_PATH)/Horizon-Frame";
			};
			name = Release;
		};
		F430CD142DDF800E0030565D /* Debug */ = {
			isa = XCBuildConfiguration;
			buildSettings = {
				CODE_SIGN_STYLE = Automatic;
				CURRENT_PROJECT_VERSION = 1;
				DEVELOPMENT_TEAM = F34CVJH6L3;
				GENERATE_INFOPLIST_FILE = YES;
				MARKETING_VERSION = 1.0;
				PRODUCT_BUNDLE_IDENTIFIER = "com.colesegura.Horizon-FrameUITests";
				PRODUCT_NAME = "$(TARGET_NAME)";
				SWIFT_EMIT_LOC_STRINGS = NO;
				SWIFT_VERSION = 5.0;
				TARGETED_DEVICE_FAMILY = "1,2";
				TEST_TARGET_NAME = "Horizon-Frame";
			};
			name = Debug;
		};
		F430CD152DDF800E0030565D /* Release */ = {
			isa = XCBuildConfiguration;
			buildSettings = {
				CODE_SIGN_STYLE = Automatic;
				CURRENT_PROJECT_VERSION = 1;
				DEVELOPMENT_TEAM = F34CVJH6L3;
				GENERATE_INFOPLIST_FILE = YES;
				MARKETING_VERSION = 1.0;
				PRODUCT_BUNDLE_IDENTIFIER = "com.colesegura.Horizon-FrameUITests";
				PRODUCT_NAME = "$(TARGET_NAME)";
				SWIFT_EMIT_LOC_STRINGS = NO;
				SWIFT_VERSION = 5.0;
				TARGETED_DEVICE_FAMILY = "1,2";
				TEST_TARGET_NAME = "Horizon-Frame";
			};
			name = Release;
		};
/* End XCBuildConfiguration section */

/* Begin XCConfigurationList section */
		F430CCE42DDF800C0030565D /* Build configuration list for PBXProject "Horizon-Frame" */ = {
			isa = XCConfigurationList;
			buildConfigurations = (
				F430CD0B2DDF800E0030565D /* Debug */,
				F430CD0C2DDF800E0030565D /* Release */,
			);
			defaultConfigurationIsVisible = 0;
			defaultConfigurationName = Release;
		};
		F430CD0D2DDF800E0030565D /* Build configuration list for PBXNativeTarget "Horizon-Frame" */ = {
			isa = XCConfigurationList;
			buildConfigurations = (
				F430CD0E2DDF800E0030565D /* Debug */,
				F430CD0F2DDF800E0030565D /* Release */,
			);
			defaultConfigurationIsVisible = 0;
			defaultConfigurationName = Release;
		};
		F430CD102DDF800E0030565D /* Build configuration list for PBXNativeTarget "Horizon-FrameTests" */ = {
			isa = XCConfigurationList;
			buildConfigurations = (
				F430CD112DDF800E0030565D /* Debug */,
				F430CD122DDF800E0030565D /* Release */,
			);
			defaultConfigurationIsVisible = 0;
			defaultConfigurationName = Release;
		};
		F430CD132DDF800E0030565D /* Build configuration list for PBXNativeTarget "Horizon-FrameUITests" */ = {
			isa = XCConfigurationList;
			buildConfigurations = (
				F430CD142DDF800E0030565D /* Debug */,
				F430CD152DDF800E0030565D /* Release */,
			);
			defaultConfigurationIsVisible = 0;
			defaultConfigurationName = Release;
		};
/* End XCConfigurationList section */
	};
	rootObject = F430CCE12DDF800C0030565D /* Project object */;
}
